
Microsoft Visual Studio Solution File, Format Version 12.00
# Visual Studio Version 16
VisualStudioVersion = 16.0.30309.148
MinimumVisualStudioVersion = 10.0.40219.1
Project("{FAE04EC0-301F-11D3-BF4B-00C04F79EFBC}") = "Lesson 4_5 Lab", "Lesson 4_5 Lab.csproj", "{1243183B-1AE9-4B7D-837E-120D2AE66038}"
EndProject
Global
	GlobalSection(SolutionConfigurationPlatforms) = preSolution
		Debug|Any CPU = Debug|Any CPU
		Release|Any CPU = Release|Any CPU
	EndGlobalSection
	GlobalSection(ProjectConfigurationPlatforms) = postSolution
		{1243183B-1AE9-4B7D-837E-120D2AE66038}.Debug|Any CPU.ActiveCfg = Debug|Any CPU
		{1243183B-1AE9-4B7D-837E-120D2AE66038}.Debug|Any CPU.Build.0 = Debug|Any CPU
		{1243183B-1AE9-4B7D-837E-120D2AE66038}.Release|Any CPU.ActiveCfg = Release|Any CPU
		{1243183B-1AE9-4B7D-837E-120D2AE66038}.Release|Any CPU.Build.0 = Release|Any CPU
	EndGlobalSection
	GlobalSection(SolutionProperties) = preSolution
		HideSolutionNode = FALSE
	EndGlobalSection
	GlobalSection(ExtensibilityGlobals) = postSolution
		SolutionGuid = {10DC35DF-339E-4D6C-8C9A-5A67C49B00B8}
	EndGlobalSection
EndGlobal
